
Microsoft Visual Studio Solution File, Format Version 12.00
# Visual Studio Version 16
VisualStudioVersion = 16.0.29920.165
MinimumVisualStudioVersion = 10.0.40219.1
Project("{FAE04EC0-301F-11D3-BF4B-00C04F79EFBC}") = "WpfPractice", "WpfPractice.csproj", "{63E624B0-8A5D-47A3-9CB5-F6D706FD1316}"
EndProject
Global
	GlobalSection(SolutionConfigurationPlatforms) = preSolution
		Debug|Any CPU = Debug|Any CPU
		Release|Any CPU = Release|Any CPU
	EndGlobalSection
	GlobalSection(ProjectConfigurationPlatforms) = postSolution
		{63E624B0-8A5D-47A3-9CB5-F6D706FD1316}.Debug|Any CPU.ActiveCfg = Debug|Any CPU
		{63E624B0-8A5D-47A3-9CB5-F6D706FD1316}.Debug|Any CPU.Build.0 = Debug|Any CPU
		{63E624B0-8A5D-47A3-9CB5-F6D706FD1316}.Release|Any CPU.ActiveCfg = Release|Any CPU
		{63E624B0-8A5D-47A3-9CB5-F6D706FD1316}.Release|Any CPU.Build.0 = Release|Any CPU
	EndGlobalSection
	GlobalSection(SolutionProperties) = preSolution
		HideSolutionNode = FALSE
	EndGlobalSection
	GlobalSection(ExtensibilityGlobals) = postSolution
		SolutionGuid = {240E4918-BB79-4838-848F-59DAE7CA1F2A}
	EndGlobalSection
EndGlobal
